{
  "name": "deeper-2-graphql-mini",
  "version": "1.0.0",
  "lockfileVersion": 1,
  "requires": true,
  "dependencies": {
    "@types/async": {
      "version": "2.0.49",
      "resolved": "https://registry.npmjs.org/@types/async/-/async-2.0.49.tgz",
      "integrity": "sha512-Benr3i5odUkvpFkOpzGqrltGdbSs+EVCkEBGXbuR7uT0VzhXKIkhem6PDzHdx5EonA+rfbB3QvP6aDOw5+zp5Q==",
      "optional": true
    },
    "@types/graphql": {
      "version": "0.12.6",
      "resolved": "https://registry.npmjs.org/@types/graphql/-/graphql-0.12.6.tgz",
      "integrity": "sha512-wXAVyLfkG1UMkKOdMijVWFky39+OD/41KftzqfX1Oejd0Gm6dOIKjCihSVECg6X7PHjftxXmfOKA/d1H79ZfvQ=="
    },
    "@types/zen-observable": {
      "version": "0.5.3",
      "resolved": "https://registry.npmjs.org/@types/zen-observable/-/zen-observable-0.5.3.tgz",
      "integrity": "sha512-aDvGDAHcVfUqNmd8q4//cHAP+HGxsbChbBbuk3+kMVk5TTxfWLpQWvVN3+UPjohLnwMYN7jr6BWNn2cYNqdm7g=="
    },
    "apollo-boost": {
      "version": "0.1.7",
      "resolved": "https://registry.npmjs.org/apollo-boost/-/apollo-boost-0.1.7.tgz",
      "integrity": "sha512-xGqIxmz/4T11xIbCYqO/snWqe3cHENIxKteiWj5AYcViw2qSekqx579VMTXoCYlJkdO4ilYkdc0vt/iKUMYLig==",
      "requires": {
        "apollo-cache-inmemory": "1.2.2",
        "apollo-client": "2.3.2",
        "apollo-link": "1.2.2",
        "apollo-link-error": "1.1.0",
        "apollo-link-http": "1.5.4",
        "apollo-link-state": "0.4.1",
        "graphql-tag": "2.9.2"
      }
    },
    "apollo-cache": {
      "version": "1.1.9",
      "resolved": "https://registry.npmjs.org/apollo-cache/-/apollo-cache-1.1.9.tgz",
      "integrity": "sha512-Cc0WdkSz1ZGvzZ4NdPWQHVfm3qXMFgUUqcjvoL2qOB3e2JvWYGXAjtF2zAhzJXXRGMmtA2uACh4V09N4vo6N7A==",
      "requires": {
        "apollo-utilities": "1.0.13"
      }
    },
    "apollo-cache-inmemory": {
      "version": "1.2.2",
      "resolved": "https://registry.npmjs.org/apollo-cache-inmemory/-/apollo-cache-inmemory-1.2.2.tgz",
      "integrity": "sha512-UtkQDqrPJUfMe0/XfZqRiGF11CyOS5PnNmyPxNwUctoWnq8+KgHquAw21TDijlB47sC/ogBk98S25WMPc0D7NA==",
      "requires": {
        "apollo-cache": "1.1.9",
        "apollo-utilities": "1.0.13",
        "graphql-anywhere": "4.1.11"
      }
    },
    "apollo-client": {
      "version": "2.3.2",
      "resolved": "https://registry.npmjs.org/apollo-client/-/apollo-client-2.3.2.tgz",
      "integrity": "sha512-w7dU+YXOlRXTOnMx9Scp8M3GhN8PvzCLDhTk6Avrbvvy3gZAFr26mwSh8HqyeoaJRItD9ag61RbT0aLpq35mYw==",
      "requires": {
        "@types/async": "2.0.49",
        "@types/zen-observable": "0.5.3",
        "apollo-cache": "1.1.9",
        "apollo-link": "1.2.2",
        "apollo-link-dedup": "1.0.9",
        "apollo-utilities": "1.0.13",
        "symbol-observable": "1.2.0",
        "zen-observable": "0.8.8"
      }
    },
    "apollo-link": {
      "version": "1.2.2",
      "resolved": "https://registry.npmjs.org/apollo-link/-/apollo-link-1.2.2.tgz",
      "integrity": "sha512-Uk/BC09dm61DZRDSu52nGq0nFhq7mcBPTjy5EEH1eunJndtCaNXQhQz/BjkI2NdrfGI+B+i5he6YSoRBhYizdw==",
      "requires": {
        "@types/graphql": "0.12.6",
        "apollo-utilities": "1.0.13",
        "zen-observable-ts": "0.8.9"
      }
    },
    "apollo-link-dedup": {
      "version": "1.0.9",
      "resolved": "https://registry.npmjs.org/apollo-link-dedup/-/apollo-link-dedup-1.0.9.tgz",
      "integrity": "sha512-RbuEKpmSHVMtoREMPh2wUFTeh65q+0XPVeqgaOP/rGEAfvLyOMvX0vT2nVaejMohoMxuUnfZwpldXaDFWnlVbg==",
      "requires": {
        "apollo-link": "1.2.2"
      }
    },
    "apollo-link-error": {
      "version": "1.1.0",
      "resolved": "https://registry.npmjs.org/apollo-link-error/-/apollo-link-error-1.1.0.tgz",
      "integrity": "sha512-4Vu/IUn6Kn6+Fthym4iuqypCKcLdwTg3MaCvtLdaLbt9X2hNCq3y8mv6vuWIlAY51X8wKhCgYghQSOs5R/embQ==",
      "requires": {
        "apollo-link": "1.2.2"
      }
    },
    "apollo-link-http": {
      "version": "1.5.4",
      "resolved": "https://registry.npmjs.org/apollo-link-http/-/apollo-link-http-1.5.4.tgz",
      "integrity": "sha512-e9Ng3HfnW00Mh3TI6DhNRfozmzQOtKgdi+qUAsHBOEcTP0PTAmb+9XpeyEEOueLyO0GXhB92HUCIhzrWMXgwyg==",
      "requires": {
        "apollo-link": "1.2.2",
        "apollo-link-http-common": "0.2.4"
      }
    },
    "apollo-link-http-common": {
      "version": "0.2.4",
      "resolved": "https://registry.npmjs.org/apollo-link-http-common/-/apollo-link-http-common-0.2.4.tgz",
      "integrity": "sha512-4j6o6WoXuSPen9xh4NBaX8/vL98X1xY2cYzUEK1F8SzvHe2oFONfxJBTekwU8hnvapcuq8Qh9Uct+gelu8T10g==",
      "requires": {
        "apollo-link": "1.2.2"
      }
    },
    "apollo-link-state": {
      "version": "0.4.1",
      "resolved": "https://registry.npmjs.org/apollo-link-state/-/apollo-link-state-0.4.1.tgz",
      "integrity": "sha512-69/til4ENfl/Fvf7br2xSsLSBcxcXPbOHVNkzLLejvUZickl93HLO4/fO+uvoBi4dCYRgN17Zr8FwI41ueRx0g==",
      "requires": {
        "apollo-utilities": "1.0.13",
        "graphql-anywhere": "4.1.11"
      }
    },
    "apollo-utilities": {
      "version": "1.0.13",
      "resolved": "https://registry.npmjs.org/apollo-utilities/-/apollo-utilities-1.0.13.tgz",
      "integrity": "sha512-WIbKDsFsLXMgPPGmlB2pL2noHT13TOLU2eRSyPjQMQwcz9lO9UKRkwK8pRJ8b4Zo/9qQHm30F/xlfP/OSr2ZSw=="
    },
    "graphql-anywhere": {
      "version": "4.1.11",
      "resolved": "https://registry.npmjs.org/graphql-anywhere/-/graphql-anywhere-4.1.11.tgz",
      "integrity": "sha512-zuNsLVcEwJSrv9HaCePPg9AQEte7Z33MqmmY85RawfOC3IGeew/8fHpY+GQQOKpaYvgvwm5fh/msdyuJOCdCig==",
      "requires": {
        "apollo-utilities": "1.0.13"
      }
    },
    "graphql-tag": {
      "version": "2.9.2",
      "resolved": "https://registry.npmjs.org/graphql-tag/-/graphql-tag-2.9.2.tgz",
      "integrity": "sha512-qnNmof9pAqj/LUzs3lStP0Gw1qhdVCUS7Ab7+SUB6KD5aX1uqxWQRwMnOGTkhKuLvLNIs1TvNz+iS9kUGl1MhA=="
    },
    "symbol-observable": {
      "version": "1.2.0",
      "resolved": "https://registry.npmjs.org/symbol-observable/-/symbol-observable-1.2.0.tgz",
      "integrity": "sha512-e900nM8RRtGhlV36KGEU9k65K3mPb1WV70OdjfxlG2EAuM1noi/E/BaW/uMhL7bPEssK8QV57vN3esixjUvcXQ=="
    },
    "zen-observable": {
      "version": "0.8.8",
      "resolved": "https://registry.npmjs.org/zen-observable/-/zen-observable-0.8.8.tgz",
      "integrity": "sha512-HnhhyNnwTFzS48nihkCZIJGsWGFcYUz+XPDlPK5W84Ifji8SksC6m7sQWOf8zdCGhzQ4tDYuMYGu5B0N1dXTtg=="
    },
    "zen-observable-ts": {
      "version": "0.8.9",
      "resolved": "https://registry.npmjs.org/zen-observable-ts/-/zen-observable-ts-0.8.9.tgz",
      "integrity": "sha512-KJz2O8FxbAdAU5CSc8qZ1K2WYEJb1HxS6XDRF+hOJ1rOYcg6eTMmS9xYHCXzqZZzKw6BbXWyF4UpwSsBQnHJeA==",
      "requires": {
        "zen-observable": "0.8.8"
      }
    }
  }
}
